
Microsoft Visual Studio Solution File, Format Version 12.00
Project("{2150E333-8FDC-42A3-9474-1A3956D46DE8}") = "Server", "Server", "{8F63A276-CF31-4B9E-B36D-51A1DEE3272D}"
EndProject
Project("{FAE04EC0-301F-11D3-BF4B-00C04F79EFBC}") = "NetCode2.Server.Console", "NetCode2.Server.Console\NetCode2.Server.Console.csproj", "{E7F19BA4-340D-4060-BCD1-37DB3149F500}"
EndProject
Project("{2150E333-8FDC-42A3-9474-1A3956D46DE8}") = "Common", "Common", "{749626B2-D90F-4150-A22B-30EFF778DA11}"
EndProject
Project("{FAE04EC0-301F-11D3-BF4B-00C04F79EFBC}") = "NetCode2.Common.Realtime", "..\Client\NetCode2.Client\Assets\Scripts\NetCode2.Common.Realtime\NetCode2.Common.Realtime.csproj", "{4548858B-4D10-4138-87DA-C7B23C1B655A}"
EndProject
Global
	GlobalSection(SolutionConfigurationPlatforms) = preSolution
		Debug|Any CPU = Debug|Any CPU
		Release|Any CPU = Release|Any CPU
	EndGlobalSection
	GlobalSection(NestedProjects) = preSolution
		{E7F19BA4-340D-4060-BCD1-37DB3149F500} = {8F63A276-CF31-4B9E-B36D-51A1DEE3272D}
		{4548858B-4D10-4138-87DA-C7B23C1B655A} = {749626B2-D90F-4150-A22B-30EFF778DA11}
	EndGlobalSection
	GlobalSection(ProjectConfigurationPlatforms) = postSolution
		{E7F19BA4-340D-4060-BCD1-37DB3149F500}.Debug|Any CPU.ActiveCfg = Debug|Any CPU
		{E7F19BA4-340D-4060-BCD1-37DB3149F500}.Debug|Any CPU.Build.0 = Debug|Any CPU
		{E7F19BA4-340D-4060-BCD1-37DB3149F500}.Release|Any CPU.ActiveCfg = Release|Any CPU
		{E7F19BA4-340D-4060-BCD1-37DB3149F500}.Release|Any CPU.Build.0 = Release|Any CPU
		{4548858B-4D10-4138-87DA-C7B23C1B655A}.Debug|Any CPU.ActiveCfg = Debug|Any CPU
		{4548858B-4D10-4138-87DA-C7B23C1B655A}.Debug|Any CPU.Build.0 = Debug|Any CPU
		{4548858B-4D10-4138-87DA-C7B23C1B655A}.Release|Any CPU.ActiveCfg = Release|Any CPU
		{4548858B-4D10-4138-87DA-C7B23C1B655A}.Release|Any CPU.Build.0 = Release|Any CPU
	EndGlobalSection
EndGlobal
